
Microsoft Visual Studio Solution File, Format Version 12.00
# Visual Studio Version 17
VisualStudioVersion = 17.13.35919.96
MinimumVisualStudioVersion = 10.0.40219.1
Project("{FAE04EC0-301F-11D3-BF4B-00C04F79EFBC}") = "InventoryProject", "InventoryProject\InventoryProject.csproj", "{16C8C2B7-1B76-4D61-8BC3-9770D3946523}"
EndProject
Project("{FAE04EC0-301F-11D3-BF4B-00C04F79EFBC}") = "PrySistemaBiblioteca", "PrySistemaBiblioteca\PrySistemaBiblioteca.csproj", "{FF203DCD-C8C8-4B24-8FF5-24F8AF89AF49}"
EndProject
Project("{FAE04EC0-301F-11D3-BF4B-00C04F79EFBC}") = "ReservaRestaurant", "ReservaRestaurant\ReservaRestaurant.csproj", "{FC24C046-4490-4930-B3DB-D8930988A100}"
EndProject
Global
	GlobalSection(SolutionConfigurationPlatforms) = preSolution
		Debug|Any CPU = Debug|Any CPU
		Release|Any CPU = Release|Any CPU
	EndGlobalSection
	GlobalSection(ProjectConfigurationPlatforms) = postSolution
		{16C8C2B7-1B76-4D61-8BC3-9770D3946523}.Debug|Any CPU.ActiveCfg = Debug|Any CPU
		{16C8C2B7-1B76-4D61-8BC3-9770D3946523}.Debug|Any CPU.Build.0 = Debug|Any CPU
		{16C8C2B7-1B76-4D61-8BC3-9770D3946523}.Release|Any CPU.ActiveCfg = Release|Any CPU
		{16C8C2B7-1B76-4D61-8BC3-9770D3946523}.Release|Any CPU.Build.0 = Release|Any CPU
		{FF203DCD-C8C8-4B24-8FF5-24F8AF89AF49}.Debug|Any CPU.ActiveCfg = Debug|Any CPU
		{FF203DCD-C8C8-4B24-8FF5-24F8AF89AF49}.Debug|Any CPU.Build.0 = Debug|Any CPU
		{FF203DCD-C8C8-4B24-8FF5-24F8AF89AF49}.Release|Any CPU.ActiveCfg = Release|Any CPU
		{FF203DCD-C8C8-4B24-8FF5-24F8AF89AF49}.Release|Any CPU.Build.0 = Release|Any CPU
		{FC24C046-4490-4930-B3DB-D8930988A100}.Debug|Any CPU.ActiveCfg = Debug|Any CPU
		{FC24C046-4490-4930-B3DB-D8930988A100}.Debug|Any CPU.Build.0 = Debug|Any CPU
		{FC24C046-4490-4930-B3DB-D8930988A100}.Release|Any CPU.ActiveCfg = Release|Any CPU
		{FC24C046-4490-4930-B3DB-D8930988A100}.Release|Any CPU.Build.0 = Release|Any CPU
	EndGlobalSection
	GlobalSection(SolutionProperties) = preSolution
		HideSolutionNode = FALSE
	EndGlobalSection
	GlobalSection(ExtensibilityGlobals) = postSolution
		SolutionGuid = {D7C779EA-64AB-4A62-926D-0F839D387E18}
	EndGlobalSection
EndGlobal
